
Microsoft Visual Studio Solution File, Format Version 12.00
# Visual Studio 15
VisualStudioVersion = 15.0.26124.0
MinimumVisualStudioVersion = 15.0.26124.0
Project("{FAE04EC0-301F-11D3-BF4B-00C04F79EFBC}") = "ApiInfra", "ApiInfra\ApiInfra.csproj", "{05449FB0-C603-4683-8EE7-99D5F4FF7383}"
EndProject
Project("{2150E333-8FDC-42A3-9474-1A3956D46DE8}") = "Api", "Api", "{D82C56D6-B2CD-F611-9E31-04638F7EC30E}"
EndProject
Project("{FAE04EC0-301F-11D3-BF4B-00C04F79EFBC}") = "Core", "Api\Core\Core.csproj", "{763E15F6-C09B-42F0-AD0B-27A1E3F202C7}"
EndProject
Project("{FAE04EC0-301F-11D3-BF4B-00C04F79EFBC}") = "Infrastructure", "Api\Infrastructure\Infrastructure.csproj", "{B1F3C24F-BC85-46F9-942E-CA44AF443251}"
EndProject
Project("{2150E333-8FDC-42A3-9474-1A3956D46DE8}") = "LambdaHandlers", "LambdaHandlers", "{63B35DAB-F38B-04EC-B5B8-2D184D38BA29}"
EndProject
Project("{2150E333-8FDC-42A3-9474-1A3956D46DE8}") = "SignInFunction", "SignInFunction", "{D2BEB88B-9F27-64D7-A605-0344C3D0BCEF}"
EndProject
Project("{2150E333-8FDC-42A3-9474-1A3956D46DE8}") = "src", "src", "{6CB1CBE9-F28E-F810-8A03-9FB8C876F3E2}"
EndProject
Project("{FAE04EC0-301F-11D3-BF4B-00C04F79EFBC}") = "SignInFunction", "Api\LambdaHandlers\SignInFunction\src\SignInFunction\SignInFunction.csproj", "{7E9D91DE-07BF-4253-8E29-BE41C271D143}"
EndProject
Project("{FAE04EC0-301F-11D3-BF4B-00C04F79EFBC}") = "DependencyInjection", "Api\DependencyInjection\DependencyInjection.csproj", "{12668C5C-3F2A-47AF-BB7F-E8B994950A30}"
EndProject
Project("{FAE04EC0-301F-11D3-BF4B-00C04F79EFBC}") = "Common", "Api\Common\Common.csproj", "{DD57D50D-E191-4245-A89D-99ABB22EFA76}"
EndProject
Project("{2150E333-8FDC-42A3-9474-1A3956D46DE8}") = "ApiTests", "ApiTests", "{0AB3BF05-4346-4AA6-1389-037BE0695223}"
EndProject
Project("{FAE04EC0-301F-11D3-BF4B-00C04F79EFBC}") = "Core.Tests", "ApiTests\Core.Tests\Core.Tests.csproj", "{2244D56B-17A2-4022-9E1A-1F05F6CF6F51}"
EndProject
Project("{FAE04EC0-301F-11D3-BF4B-00C04F79EFBC}") = "Infrastructure.Tests", "ApiTests\Infrastructure.Tests\Infrastructure.Tests.csproj", "{6B30A38B-5760-49C6-9EAD-3D8B95CEF789}"
EndProject
Project("{FAE04EC0-301F-11D3-BF4B-00C04F79EFBC}") = "LambdaHandlers.Tests", "ApiTests\LambdaHandlers.Tests\LambdaHandlers.Tests.csproj", "{8C7A2F4D-9E6B-4A1C-8D2E-3F5B6C9A8E7D}"
EndProject
Project("{FAE04EC0-301F-11D3-BF4B-00C04F79EFBC}") = "PostMessageFunction", "Api\LambdaHandlers\PostMessageFunction\PostMessageFunction.csproj", "{FE6CB6FC-EF75-4B16-AE4B-A8958EADF60A}"
EndProject
Global
	GlobalSection(SolutionConfigurationPlatforms) = preSolution
		Debug|Any CPU = Debug|Any CPU
		Debug|x64 = Debug|x64
		Debug|x86 = Debug|x86
		Release|Any CPU = Release|Any CPU
		Release|x64 = Release|x64
		Release|x86 = Release|x86
	EndGlobalSection
	GlobalSection(ProjectConfigurationPlatforms) = postSolution
		{05449FB0-C603-4683-8EE7-99D5F4FF7383}.Debug|Any CPU.ActiveCfg = Debug|Any CPU
		{05449FB0-C603-4683-8EE7-99D5F4FF7383}.Debug|Any CPU.Build.0 = Debug|Any CPU
		{05449FB0-C603-4683-8EE7-99D5F4FF7383}.Debug|x64.ActiveCfg = Debug|Any CPU
		{05449FB0-C603-4683-8EE7-99D5F4FF7383}.Debug|x64.Build.0 = Debug|Any CPU
		{05449FB0-C603-4683-8EE7-99D5F4FF7383}.Debug|x86.ActiveCfg = Debug|Any CPU
		{05449FB0-C603-4683-8EE7-99D5F4FF7383}.Debug|x86.Build.0 = Debug|Any CPU
		{05449FB0-C603-4683-8EE7-99D5F4FF7383}.Release|Any CPU.ActiveCfg = Release|Any CPU
		{05449FB0-C603-4683-8EE7-99D5F4FF7383}.Release|Any CPU.Build.0 = Release|Any CPU
		{05449FB0-C603-4683-8EE7-99D5F4FF7383}.Release|x64.ActiveCfg = Release|Any CPU
		{05449FB0-C603-4683-8EE7-99D5F4FF7383}.Release|x64.Build.0 = Release|Any CPU
		{05449FB0-C603-4683-8EE7-99D5F4FF7383}.Release|x86.ActiveCfg = Release|Any CPU
		{05449FB0-C603-4683-8EE7-99D5F4FF7383}.Release|x86.Build.0 = Release|Any CPU
		{763E15F6-C09B-42F0-AD0B-27A1E3F202C7}.Debug|Any CPU.ActiveCfg = Debug|Any CPU
		{763E15F6-C09B-42F0-AD0B-27A1E3F202C7}.Debug|Any CPU.Build.0 = Debug|Any CPU
		{763E15F6-C09B-42F0-AD0B-27A1E3F202C7}.Debug|x64.ActiveCfg = Debug|Any CPU
		{763E15F6-C09B-42F0-AD0B-27A1E3F202C7}.Debug|x64.Build.0 = Debug|Any CPU
		{763E15F6-C09B-42F0-AD0B-27A1E3F202C7}.Debug|x86.ActiveCfg = Debug|Any CPU
		{763E15F6-C09B-42F0-AD0B-27A1E3F202C7}.Debug|x86.Build.0 = Debug|Any CPU
		{763E15F6-C09B-42F0-AD0B-27A1E3F202C7}.Release|Any CPU.ActiveCfg = Release|Any CPU
		{763E15F6-C09B-42F0-AD0B-27A1E3F202C7}.Release|Any CPU.Build.0 = Release|Any CPU
		{763E15F6-C09B-42F0-AD0B-27A1E3F202C7}.Release|x64.ActiveCfg = Release|Any CPU
		{763E15F6-C09B-42F0-AD0B-27A1E3F202C7}.Release|x64.Build.0 = Release|Any CPU
		{763E15F6-C09B-42F0-AD0B-27A1E3F202C7}.Release|x86.ActiveCfg = Release|Any CPU
		{763E15F6-C09B-42F0-AD0B-27A1E3F202C7}.Release|x86.Build.0 = Release|Any CPU
		{B1F3C24F-BC85-46F9-942E-CA44AF443251}.Debug|Any CPU.ActiveCfg = Debug|Any CPU
		{B1F3C24F-BC85-46F9-942E-CA44AF443251}.Debug|Any CPU.Build.0 = Debug|Any CPU
		{B1F3C24F-BC85-46F9-942E-CA44AF443251}.Debug|x64.ActiveCfg = Debug|Any CPU
		{B1F3C24F-BC85-46F9-942E-CA44AF443251}.Debug|x64.Build.0 = Debug|Any CPU
		{B1F3C24F-BC85-46F9-942E-CA44AF443251}.Debug|x86.ActiveCfg = Debug|Any CPU
		{B1F3C24F-BC85-46F9-942E-CA44AF443251}.Debug|x86.Build.0 = Debug|Any CPU
		{B1F3C24F-BC85-46F9-942E-CA44AF443251}.Release|Any CPU.ActiveCfg = Release|Any CPU
		{B1F3C24F-BC85-46F9-942E-CA44AF443251}.Release|Any CPU.Build.0 = Release|Any CPU
		{B1F3C24F-BC85-46F9-942E-CA44AF443251}.Release|x64.ActiveCfg = Release|Any CPU
		{B1F3C24F-BC85-46F9-942E-CA44AF443251}.Release|x64.Build.0 = Release|Any CPU
		{B1F3C24F-BC85-46F9-942E-CA44AF443251}.Release|x86.ActiveCfg = Release|Any CPU
		{B1F3C24F-BC85-46F9-942E-CA44AF443251}.Release|x86.Build.0 = Release|Any CPU
		{7E9D91DE-07BF-4253-8E29-BE41C271D143}.Debug|Any CPU.ActiveCfg = Debug|Any CPU
		{7E9D91DE-07BF-4253-8E29-BE41C271D143}.Debug|Any CPU.Build.0 = Debug|Any CPU
		{7E9D91DE-07BF-4253-8E29-BE41C271D143}.Debug|x64.ActiveCfg = Debug|Any CPU
		{7E9D91DE-07BF-4253-8E29-BE41C271D143}.Debug|x64.Build.0 = Debug|Any CPU
		{7E9D91DE-07BF-4253-8E29-BE41C271D143}.Debug|x86.ActiveCfg = Debug|Any CPU
		{7E9D91DE-07BF-4253-8E29-BE41C271D143}.Debug|x86.Build.0 = Debug|Any CPU
		{7E9D91DE-07BF-4253-8E29-BE41C271D143}.Release|Any CPU.ActiveCfg = Release|Any CPU
		{7E9D91DE-07BF-4253-8E29-BE41C271D143}.Release|Any CPU.Build.0 = Release|Any CPU
		{7E9D91DE-07BF-4253-8E29-BE41C271D143}.Release|x64.ActiveCfg = Release|Any CPU
		{7E9D91DE-07BF-4253-8E29-BE41C271D143}.Release|x64.Build.0 = Release|Any CPU
		{7E9D91DE-07BF-4253-8E29-BE41C271D143}.Release|x86.ActiveCfg = Release|Any CPU
		{7E9D91DE-07BF-4253-8E29-BE41C271D143}.Release|x86.Build.0 = Release|Any CPU
		{12668C5C-3F2A-47AF-BB7F-E8B994950A30}.Debug|Any CPU.ActiveCfg = Debug|Any CPU
		{12668C5C-3F2A-47AF-BB7F-E8B994950A30}.Debug|Any CPU.Build.0 = Debug|Any CPU
		{12668C5C-3F2A-47AF-BB7F-E8B994950A30}.Debug|x64.ActiveCfg = Debug|Any CPU
		{12668C5C-3F2A-47AF-BB7F-E8B994950A30}.Debug|x64.Build.0 = Debug|Any CPU
		{12668C5C-3F2A-47AF-BB7F-E8B994950A30}.Debug|x86.ActiveCfg = Debug|Any CPU
		{12668C5C-3F2A-47AF-BB7F-E8B994950A30}.Debug|x86.Build.0 = Debug|Any CPU
		{12668C5C-3F2A-47AF-BB7F-E8B994950A30}.Release|Any CPU.ActiveCfg = Release|Any CPU
		{12668C5C-3F2A-47AF-BB7F-E8B994950A30}.Release|Any CPU.Build.0 = Release|Any CPU
		{12668C5C-3F2A-47AF-BB7F-E8B994950A30}.Release|x64.ActiveCfg = Release|Any CPU
		{12668C5C-3F2A-47AF-BB7F-E8B994950A30}.Release|x64.Build.0 = Release|Any CPU
		{12668C5C-3F2A-47AF-BB7F-E8B994950A30}.Release|x86.ActiveCfg = Release|Any CPU
		{12668C5C-3F2A-47AF-BB7F-E8B994950A30}.Release|x86.Build.0 = Release|Any CPU
		{DD57D50D-E191-4245-A89D-99ABB22EFA76}.Debug|Any CPU.ActiveCfg = Debug|Any CPU
		{DD57D50D-E191-4245-A89D-99ABB22EFA76}.Debug|Any CPU.Build.0 = Debug|Any CPU
		{DD57D50D-E191-4245-A89D-99ABB22EFA76}.Debug|x64.ActiveCfg = Debug|Any CPU
		{DD57D50D-E191-4245-A89D-99ABB22EFA76}.Debug|x64.Build.0 = Debug|Any CPU
		{DD57D50D-E191-4245-A89D-99ABB22EFA76}.Debug|x86.ActiveCfg = Debug|Any CPU
		{DD57D50D-E191-4245-A89D-99ABB22EFA76}.Debug|x86.Build.0 = Debug|Any CPU
		{DD57D50D-E191-4245-A89D-99ABB22EFA76}.Release|Any CPU.ActiveCfg = Release|Any CPU
		{DD57D50D-E191-4245-A89D-99ABB22EFA76}.Release|Any CPU.Build.0 = Release|Any CPU
		{DD57D50D-E191-4245-A89D-99ABB22EFA76}.Release|x64.ActiveCfg = Release|Any CPU
		{DD57D50D-E191-4245-A89D-99ABB22EFA76}.Release|x64.Build.0 = Release|Any CPU
		{DD57D50D-E191-4245-A89D-99ABB22EFA76}.Release|x86.ActiveCfg = Release|Any CPU
		{DD57D50D-E191-4245-A89D-99ABB22EFA76}.Release|x86.Build.0 = Release|Any CPU
		{2244D56B-17A2-4022-9E1A-1F05F6CF6F51}.Debug|Any CPU.ActiveCfg = Debug|Any CPU
		{2244D56B-17A2-4022-9E1A-1F05F6CF6F51}.Debug|Any CPU.Build.0 = Debug|Any CPU
		{2244D56B-17A2-4022-9E1A-1F05F6CF6F51}.Debug|x64.ActiveCfg = Debug|Any CPU
		{2244D56B-17A2-4022-9E1A-1F05F6CF6F51}.Debug|x64.Build.0 = Debug|Any CPU
		{2244D56B-17A2-4022-9E1A-1F05F6CF6F51}.Debug|x86.ActiveCfg = Debug|Any CPU
		{2244D56B-17A2-4022-9E1A-1F05F6CF6F51}.Debug|x86.Build.0 = Debug|Any CPU
		{2244D56B-17A2-4022-9E1A-1F05F6CF6F51}.Release|Any CPU.ActiveCfg = Release|Any CPU
		{2244D56B-17A2-4022-9E1A-1F05F6CF6F51}.Release|Any CPU.Build.0 = Release|Any CPU
		{2244D56B-17A2-4022-9E1A-1F05F6CF6F51}.Release|x64.ActiveCfg = Release|Any CPU
		{2244D56B-17A2-4022-9E1A-1F05F6CF6F51}.Release|x64.Build.0 = Release|Any CPU
		{2244D56B-17A2-4022-9E1A-1F05F6CF6F51}.Release|x86.ActiveCfg = Release|Any CPU
		{2244D56B-17A2-4022-9E1A-1F05F6CF6F51}.Release|x86.Build.0 = Release|Any CPU
		{6B30A38B-5760-49C6-9EAD-3D8B95CEF789}.Debug|Any CPU.ActiveCfg = Debug|Any CPU
		{6B30A38B-5760-49C6-9EAD-3D8B95CEF789}.Debug|Any CPU.Build.0 = Debug|Any CPU
		{6B30A38B-5760-49C6-9EAD-3D8B95CEF789}.Debug|x64.ActiveCfg = Debug|Any CPU
		{6B30A38B-5760-49C6-9EAD-3D8B95CEF789}.Debug|x64.Build.0 = Debug|Any CPU
		{6B30A38B-5760-49C6-9EAD-3D8B95CEF789}.Debug|x86.ActiveCfg = Debug|Any CPU
		{6B30A38B-5760-49C6-9EAD-3D8B95CEF789}.Debug|x86.Build.0 = Debug|Any CPU
		{6B30A38B-5760-49C6-9EAD-3D8B95CEF789}.Release|Any CPU.ActiveCfg = Release|Any CPU
		{6B30A38B-5760-49C6-9EAD-3D8B95CEF789}.Release|Any CPU.Build.0 = Release|Any CPU
		{6B30A38B-5760-49C6-9EAD-3D8B95CEF789}.Release|x64.ActiveCfg = Release|Any CPU
		{6B30A38B-5760-49C6-9EAD-3D8B95CEF789}.Release|x64.Build.0 = Release|Any CPU
		{6B30A38B-5760-49C6-9EAD-3D8B95CEF789}.Release|x86.ActiveCfg = Release|Any CPU
		{6B30A38B-5760-49C6-9EAD-3D8B95CEF789}.Release|x86.Build.0 = Release|Any CPU
		{FE6CB6FC-EF75-4B16-AE4B-A8958EADF60A}.Debug|Any CPU.ActiveCfg = Debug|Any CPU
		{FE6CB6FC-EF75-4B16-AE4B-A8958EADF60A}.Debug|Any CPU.Build.0 = Debug|Any CPU
		{FE6CB6FC-EF75-4B16-AE4B-A8958EADF60A}.Debug|x64.ActiveCfg = Debug|Any CPU
		{FE6CB6FC-EF75-4B16-AE4B-A8958EADF60A}.Debug|x64.Build.0 = Debug|Any CPU
		{FE6CB6FC-EF75-4B16-AE4B-A8958EADF60A}.Debug|x86.ActiveCfg = Debug|Any CPU
		{FE6CB6FC-EF75-4B16-AE4B-A8958EADF60A}.Debug|x86.Build.0 = Debug|Any CPU
		{FE6CB6FC-EF75-4B16-AE4B-A8958EADF60A}.Release|Any CPU.ActiveCfg = Release|Any CPU
		{FE6CB6FC-EF75-4B16-AE4B-A8958EADF60A}.Release|Any CPU.Build.0 = Release|Any CPU
		{FE6CB6FC-EF75-4B16-AE4B-A8958EADF60A}.Release|x64.ActiveCfg = Release|Any CPU
		{FE6CB6FC-EF75-4B16-AE4B-A8958EADF60A}.Release|x64.Build.0 = Release|Any CPU
		{FE6CB6FC-EF75-4B16-AE4B-A8958EADF60A}.Release|x86.ActiveCfg = Release|Any CPU
		{FE6CB6FC-EF75-4B16-AE4B-A8958EADF60A}.Release|x86.Build.0 = Release|Any CPU
	EndGlobalSection
	GlobalSection(SolutionProperties) = preSolution
		HideSolutionNode = FALSE
	EndGlobalSection
	GlobalSection(NestedProjects) = preSolution
		{763E15F6-C09B-42F0-AD0B-27A1E3F202C7} = {D82C56D6-B2CD-F611-9E31-04638F7EC30E}
		{B1F3C24F-BC85-46F9-942E-CA44AF443251} = {D82C56D6-B2CD-F611-9E31-04638F7EC30E}
		{63B35DAB-F38B-04EC-B5B8-2D184D38BA29} = {D82C56D6-B2CD-F611-9E31-04638F7EC30E}
		{D2BEB88B-9F27-64D7-A605-0344C3D0BCEF} = {63B35DAB-F38B-04EC-B5B8-2D184D38BA29}
		{6CB1CBE9-F28E-F810-8A03-9FB8C876F3E2} = {D2BEB88B-9F27-64D7-A605-0344C3D0BCEF}
		{7E9D91DE-07BF-4253-8E29-BE41C271D143} = {6CB1CBE9-F28E-F810-8A03-9FB8C876F3E2}
		{12668C5C-3F2A-47AF-BB7F-E8B994950A30} = {D82C56D6-B2CD-F611-9E31-04638F7EC30E}
		{DD57D50D-E191-4245-A89D-99ABB22EFA76} = {D82C56D6-B2CD-F611-9E31-04638F7EC30E}
		{2244D56B-17A2-4022-9E1A-1F05F6CF6F51} = {0AB3BF05-4346-4AA6-1389-037BE0695223}
		{6B30A38B-5760-49C6-9EAD-3D8B95CEF789} = {0AB3BF05-4346-4AA6-1389-037BE0695223}
		{FE6CB6FC-EF75-4B16-AE4B-A8958EADF60A} = {63B35DAB-F38B-04EC-B5B8-2D184D38BA29}
	EndGlobalSection
EndGlobal
